{
    "version": 3,
    "terraform_version": "0.10.7",
    "serial": 21,
    "lineage": "52539b84-0a5b-41cf-b638-f0c2ff344afb",
    "modules": [
        {
            "path": [
                "root"
            ],
            "outputs": {},
            "resources": {
                "aws_autoscaling_policy.asg_policy": {
                    "type": "aws_autoscaling_policy",
                    "depends_on": [
                        "module.asg"
                    ],
                    "primary": {
                        "id": "fundapps-app-asg-policy",
                        "attributes": {
                            "adjustment_type": "ChangeInCapacity",
                            "arn": "arn:aws:autoscaling:eu-west-2:501394068089:scalingPolicy:2e3aa1ca-68d9-44e4-8677-f3552942048b:autoScalingGroupName/fundapps-asg-20181218182522019000000003:policyName/fundapps-app-asg-policy",
                            "autoscaling_group_name": "fundapps-asg-20181218182522019000000003",
                            "cooldown": "300",
                            "estimated_instance_warmup": "0",
                            "id": "fundapps-app-asg-policy",
                            "metric_aggregation_type": "",
                            "min_adjustment_step": "0",
                            "name": "fundapps-app-asg-policy",
                            "policy_type": "SimpleScaling",
                            "scaling_adjustment": "3",
                            "step_adjustment.#": "0",
                            "target_tracking_configuration.#": "0"
                        },
                        "meta": {},
                        "tainted": false
                    },
                    "deposed": [],
                    "provider": ""
                },
                "aws_cloudwatch_metric_alarm.cw_alarm_cpu_utilisation": {
                    "type": "aws_cloudwatch_metric_alarm",
                    "depends_on": [
                        "aws_autoscaling_policy.asg_policy",
                        "module.asg"
                    ],
                    "primary": {
                        "id": "fundapps-app-CPUUtilization",
                        "attributes": {
                            "actions_enabled": "true",
                            "alarm_actions.#": "1",
                            "alarm_actions.1435130192": "arn:aws:autoscaling:eu-west-2:501394068089:scalingPolicy:2e3aa1ca-68d9-44e4-8677-f3552942048b:autoScalingGroupName/fundapps-asg-20181218182522019000000003:policyName/fundapps-app-asg-policy",
                            "alarm_description": "75% cpu utilisation reached",
                            "alarm_name": "fundapps-app-CPUUtilization",
                            "arn": "arn:aws:cloudwatch:eu-west-2:501394068089:alarm:fundapps-app-CPUUtilization",
                            "comparison_operator": "GreaterThanOrEqualToThreshold",
                            "datapoints_to_alarm": "0",
                            "dimensions.%": "1",
                            "dimensions.AutoScalingGroupName": "fundapps-asg-20181218182522019000000003",
                            "evaluate_low_sample_count_percentiles": "",
                            "evaluation_periods": "2",
                            "extended_statistic": "",
                            "id": "fundapps-app-CPUUtilization",
                            "insufficient_data_actions.#": "0",
                            "metric_name": "CPUUtilization",
                            "namespace": "AWS/EC2",
                            "ok_actions.#": "0",
                            "period": "60",
                            "statistic": "Average",
                            "threshold": "75",
                            "treat_missing_data": "missing",
                            "unit": ""
                        },
                        "meta": {
                            "schema_version": "1"
                        },
                        "tainted": false
                    },
                    "deposed": [],
                    "provider": ""
                },
                "aws_cloudwatch_metric_alarm.cw_alarm_unhealthy": {
                    "type": "aws_cloudwatch_metric_alarm",
                    "depends_on": [
                        "module.elb"
                    ],
                    "primary": {
                        "id": "fundapps-app-UnHealthyHostCount",
                        "attributes": {
                            "actions_enabled": "true",
                            "alarm_actions.#": "0",
                            "alarm_description": "ELB reports unhealthy registered instance(s)",
                            "alarm_name": "fundapps-app-UnHealthyHostCount",
                            "arn": "arn:aws:cloudwatch:eu-west-2:501394068089:alarm:fundapps-app-UnHealthyHostCount",
                            "comparison_operator": "GreaterThanThreshold",
                            "datapoints_to_alarm": "0",
                            "dimensions.%": "1",
                            "dimensions.LoadBalancerName": "fundapps-elb",
                            "evaluate_low_sample_count_percentiles": "",
                            "evaluation_periods": "2",
                            "extended_statistic": "",
                            "id": "fundapps-app-UnHealthyHostCount",
                            "insufficient_data_actions.#": "0",
                            "metric_name": "UnHealthyHostCount",
                            "namespace": "AWS/ELB",
                            "ok_actions.#": "0",
                            "period": "60",
                            "statistic": "Sum",
                            "threshold": "0",
                            "treat_missing_data": "missing",
                            "unit": ""
                        },
                        "meta": {
                            "schema_version": "1"
                        },
                        "tainted": false
                    },
                    "deposed": [],
                    "provider": ""
                },
                "data.aws_ami.amazon_linux": {
                    "type": "aws_ami",
                    "depends_on": [],
                    "primary": {
                        "id": "ami-01419b804382064e4",
                        "attributes": {
                            "architecture": "x86_64",
                            "block_device_mappings.#": "1",
                            "block_device_mappings.340275815.device_name": "/dev/xvda",
                            "block_device_mappings.340275815.ebs.%": "6",
                            "block_device_mappings.340275815.ebs.delete_on_termination": "true",
                            "block_device_mappings.340275815.ebs.encrypted": "false",
                            "block_device_mappings.340275815.ebs.iops": "0",
                            "block_device_mappings.340275815.ebs.snapshot_id": "snap-0bfe22f11e1364f9f",
                            "block_device_mappings.340275815.ebs.volume_size": "8",
                            "block_device_mappings.340275815.ebs.volume_type": "gp2",
                            "block_device_mappings.340275815.no_device": "",
                            "block_device_mappings.340275815.virtual_name": "",
                            "creation_date": "2018-11-28T21:08:11.000Z",
                            "description": "Amazon Linux AMI 2018.03.0.20181129 x86_64 HVM gp2",
                            "filter.#": "2",
                            "filter.3169420402.name": "name",
                            "filter.3169420402.values.#": "1",
                            "filter.3169420402.values.0": "amzn-ami-hvm-*-x86_64-gp2",
                            "filter.574890044.name": "owner-alias",
                            "filter.574890044.values.#": "1",
                            "filter.574890044.values.0": "amazon",
                            "hypervisor": "xen",
                            "id": "ami-01419b804382064e4",
                            "image_id": "ami-01419b804382064e4",
                            "image_location": "amazon/amzn-ami-hvm-2018.03.0.20181129-x86_64-gp2",
                            "image_owner_alias": "amazon",
                            "image_type": "machine",
                            "most_recent": "true",
                            "name": "amzn-ami-hvm-2018.03.0.20181129-x86_64-gp2",
                            "owner_id": "137112412989",
                            "product_codes.#": "0",
                            "public": "true",
                            "root_device_name": "/dev/xvda",
                            "root_device_type": "ebs",
                            "root_snapshot_id": "snap-0bfe22f11e1364f9f",
                            "sriov_net_support": "simple",
                            "state": "available",
                            "state_reason.%": "2",
                            "state_reason.code": "UNSET",
                            "state_reason.message": "UNSET",
                            "tags.%": "0",
                            "virtualization_type": "hvm"
                        },
                        "meta": {},
                        "tainted": false
                    },
                    "deposed": [],
                    "provider": ""
                },
                "data.aws_subnet_ids.all": {
                    "type": "aws_subnet_ids",
                    "depends_on": [],
                    "primary": {
                        "id": "vpc-09be2cdfb70ac6f09",
                        "attributes": {
                            "id": "vpc-09be2cdfb70ac6f09",
                            "ids.#": "2",
                            "ids.2976326356": "subnet-001c45f3cc32553d2",
                            "ids.3313307968": "subnet-01d12c71b93611d59",
                            "vpc_id": "vpc-09be2cdfb70ac6f09"
                        },
                        "meta": {},
                        "tainted": false
                    },
                    "deposed": [],
                    "provider": ""
                }
            },
            "depends_on": []
        },
        {
            "path": [
                "root",
                "asg"
            ],
            "outputs": {
                "this_autoscaling_group_arn": {
                    "sensitive": false,
                    "type": "string",
                    "value": "arn:aws:autoscaling:eu-west-2:501394068089:autoScalingGroup:a413cd4b-49eb-44ff-959f-15f1b3015e28:autoScalingGroupName/fundapps-asg-20181218182522019000000003"
                },
                "this_autoscaling_group_default_cooldown": {
                    "sensitive": false,
                    "type": "string",
                    "value": "300"
                },
                "this_autoscaling_group_desired_capacity": {
                    "sensitive": false,
                    "type": "string",
                    "value": "1"
                },
                "this_autoscaling_group_health_check_grace_period": {
                    "sensitive": false,
                    "type": "string",
                    "value": "300"
                },
                "this_autoscaling_group_health_check_type": {
                    "sensitive": false,
                    "type": "string",
                    "value": "EC2"
                },
                "this_autoscaling_group_id": {
                    "sensitive": false,
                    "type": "string",
                    "value": "fundapps-asg-20181218182522019000000003"
                },
                "this_autoscaling_group_max_size": {
                    "sensitive": false,
                    "type": "string",
                    "value": "2"
                },
                "this_autoscaling_group_min_size": {
                    "sensitive": false,
                    "type": "string",
                    "value": "1"
                },
                "this_autoscaling_group_name": {
                    "sensitive": false,
                    "type": "string",
                    "value": "fundapps-asg-20181218182522019000000003"
                },
                "this_launch_configuration_id": {
                    "sensitive": false,
                    "type": "string",
                    "value": "fundapps-lc-20181218182430983600000002"
                },
                "this_launch_configuration_name": {
                    "sensitive": false,
                    "type": "string",
                    "value": "fundapps-lc-20181218182430983600000002"
                }
            },
            "resources": {
                "aws_autoscaling_group.this": {
                    "type": "aws_autoscaling_group",
                    "depends_on": [
                        "aws_launch_configuration.this.*",
                        "local.tags_asg_format",
                        "random_pet.asg_name.*"
                    ],
                    "primary": {
                        "id": "fundapps-asg-20181218182522019000000003",
                        "attributes": {
                            "arn": "arn:aws:autoscaling:eu-west-2:501394068089:autoScalingGroup:a413cd4b-49eb-44ff-959f-15f1b3015e28:autoScalingGroupName/fundapps-asg-20181218182522019000000003",
                            "availability_zones.#": "2",
                            "availability_zones.1501760113": "eu-west-2b",
                            "availability_zones.3230292939": "eu-west-2a",
                            "default_cooldown": "300",
                            "desired_capacity": "1",
                            "enabled_metrics.#": "8",
                            "enabled_metrics.119681000": "GroupStandbyInstances",
                            "enabled_metrics.1940933563": "GroupTotalInstances",
                            "enabled_metrics.308948767": "GroupPendingInstances",
                            "enabled_metrics.3267518000": "GroupTerminatingInstances",
                            "enabled_metrics.3394537085": "GroupDesiredCapacity",
                            "enabled_metrics.3551801763": "GroupInServiceInstances",
                            "enabled_metrics.4118539418": "GroupMinSize",
                            "enabled_metrics.4136111317": "GroupMaxSize",
                            "force_delete": "false",
                            "health_check_grace_period": "300",
                            "health_check_type": "EC2",
                            "id": "fundapps-asg-20181218182522019000000003",
                            "launch_configuration": "fundapps-lc-20181218182430983600000002",
                            "launch_template.#": "0",
                            "load_balancers.#": "1",
                            "load_balancers.3467094138": "fundapps-elb",
                            "max_size": "2",
                            "metrics_granularity": "1Minute",
                            "min_elb_capacity": "0",
                            "min_size": "1",
                            "mixed_instances_policy.#": "0",
                            "name": "fundapps-asg-20181218182522019000000003",
                            "name_prefix": "fundapps-asg-",
                            "placement_group": "",
                            "protect_from_scale_in": "false",
                            "service_linked_role_arn": "arn:aws:iam::501394068089:role/aws-service-role/autoscaling.amazonaws.com/AWSServiceRoleForAutoScaling",
                            "suspended_processes.#": "0",
                            "tags.#": "3",
                            "tags.0.%": "3",
                            "tags.0.key": "Name",
                            "tags.0.propagate_at_launch": "1",
                            "tags.0.value": "fundapps-app",
                            "tags.1.%": "3",
                            "tags.1.key": "env",
                            "tags.1.propagate_at_launch": "1",
                            "tags.1.value": "dev",
                            "tags.2.%": "3",
                            "tags.2.key": "owner",
                            "tags.2.propagate_at_launch": "1",
                            "tags.2.value": "dhirajnarwani",
                            "target_group_arns.#": "0",
                            "termination_policies.#": "1",
                            "termination_policies.0": "Default",
                            "vpc_zone_identifier.#": "2",
                            "vpc_zone_identifier.2976326356": "subnet-001c45f3cc32553d2",
                            "vpc_zone_identifier.3313307968": "subnet-01d12c71b93611d59",
                            "wait_for_capacity_timeout": "0",
                            "wait_for_elb_capacity": "0"
                        },
                        "meta": {
                            "e2bfb730-ecaa-11e6-8f88-34363bc7c4c0": {
                                "delete": 600000000000
                            }
                        },
                        "tainted": false
                    },
                    "deposed": [],
                    "provider": ""
                },
                "aws_launch_configuration.this": {
                    "type": "aws_launch_configuration",
                    "depends_on": [],
                    "primary": {
                        "id": "fundapps-lc-20181218182430983600000002",
                        "attributes": {
                            "associate_public_ip_address": "true",
                            "ebs_block_device.#": "1",
                            "ebs_block_device.1324366927.delete_on_termination": "true",
                            "ebs_block_device.1324366927.device_name": "/dev/xvdz",
                            "ebs_block_device.1324366927.encrypted": "false",
                            "ebs_block_device.1324366927.iops": "0",
                            "ebs_block_device.1324366927.no_device": "false",
                            "ebs_block_device.1324366927.snapshot_id": "",
                            "ebs_block_device.1324366927.volume_size": "50",
                            "ebs_block_device.1324366927.volume_type": "gp2",
                            "ebs_optimized": "false",
                            "enable_monitoring": "true",
                            "ephemeral_block_device.#": "0",
                            "iam_instance_profile": "arn:aws:iam::501394068089:instance-profile/fundapps-app-test",
                            "id": "fundapps-lc-20181218182430983600000002",
                            "image_id": "ami-01419b804382064e4",
                            "instance_type": "t2.micro",
                            "key_name": "dhirajnarwani",
                            "name": "fundapps-lc-20181218182430983600000002",
                            "name_prefix": "fundapps-lc-",
                            "placement_tenancy": "default",
                            "root_block_device.#": "1",
                            "root_block_device.0.delete_on_termination": "true",
                            "root_block_device.0.iops": "0",
                            "root_block_device.0.volume_size": "50",
                            "root_block_device.0.volume_type": "gp2",
                            "security_groups.#": "1",
                            "security_groups.1799797877": "sg-00cc70e0ef5d71634",
                            "spot_price": "",
                            "user_data": "b3a6125c053b2e8df12b14f66609912e47ee4b4a",
                            "vpc_classic_link_id": "",
                            "vpc_classic_link_security_groups.#": "0"
                        },
                        "meta": {},
                        "tainted": false
                    },
                    "deposed": [],
                    "provider": ""
                }
            },
            "depends_on": []
        },
        {
            "path": [
                "root",
                "ec2_sg"
            ],
            "outputs": {
                "this_security_group_description": {
                    "sensitive": false,
                    "type": "string",
                    "value": "Security group for application tier"
                },
                "this_security_group_id": {
                    "sensitive": false,
                    "type": "string",
                    "value": "sg-00cc70e0ef5d71634"
                },
                "this_security_group_name": {
                    "sensitive": false,
                    "type": "string",
                    "value": "fundapps-app-sg-20181218182352001800000001"
                },
                "this_security_group_owner_id": {
                    "sensitive": false,
                    "type": "string",
                    "value": "501394068089"
                },
                "this_security_group_vpc_id": {
                    "sensitive": false,
                    "type": "string",
                    "value": "vpc-09be2cdfb70ac6f09"
                }
            },
            "resources": {
                "aws_security_group.this_name_prefix": {
                    "type": "aws_security_group",
                    "depends_on": [],
                    "primary": {
                        "id": "sg-00cc70e0ef5d71634",
                        "attributes": {
                            "arn": "arn:aws:ec2:eu-west-2:501394068089:security-group/sg-00cc70e0ef5d71634",
                            "description": "Security group for application tier",
                            "egress.#": "1",
                            "egress.2165290566.cidr_blocks.#": "1",
                            "egress.2165290566.cidr_blocks.0": "0.0.0.0/0",
                            "egress.2165290566.description": "All protocols",
                            "egress.2165290566.from_port": "0",
                            "egress.2165290566.ipv6_cidr_blocks.#": "1",
                            "egress.2165290566.ipv6_cidr_blocks.0": "::/0",
                            "egress.2165290566.prefix_list_ids.#": "0",
                            "egress.2165290566.protocol": "-1",
                            "egress.2165290566.security_groups.#": "0",
                            "egress.2165290566.self": "false",
                            "egress.2165290566.to_port": "0",
                            "id": "sg-00cc70e0ef5d71634",
                            "ingress.#": "3",
                            "ingress.195907586.cidr_blocks.#": "1",
                            "ingress.195907586.cidr_blocks.0": "10.0.0.0/16",
                            "ingress.195907586.description": "SSH",
                            "ingress.195907586.from_port": "22",
                            "ingress.195907586.ipv6_cidr_blocks.#": "0",
                            "ingress.195907586.prefix_list_ids.#": "0",
                            "ingress.195907586.protocol": "tcp",
                            "ingress.195907586.security_groups.#": "0",
                            "ingress.195907586.self": "false",
                            "ingress.195907586.to_port": "22",
                            "ingress.3287251826.cidr_blocks.#": "1",
                            "ingress.3287251826.cidr_blocks.0": "10.0.0.0/16",
                            "ingress.3287251826.description": "HTTP",
                            "ingress.3287251826.from_port": "80",
                            "ingress.3287251826.ipv6_cidr_blocks.#": "0",
                            "ingress.3287251826.prefix_list_ids.#": "0",
                            "ingress.3287251826.protocol": "tcp",
                            "ingress.3287251826.security_groups.#": "0",
                            "ingress.3287251826.self": "false",
                            "ingress.3287251826.to_port": "80",
                            "ingress.3866956645.cidr_blocks.#": "1",
                            "ingress.3866956645.cidr_blocks.0": "10.0.0.0/16",
                            "ingress.3866956645.description": "HTTPS",
                            "ingress.3866956645.from_port": "443",
                            "ingress.3866956645.ipv6_cidr_blocks.#": "0",
                            "ingress.3866956645.prefix_list_ids.#": "0",
                            "ingress.3866956645.protocol": "tcp",
                            "ingress.3866956645.security_groups.#": "0",
                            "ingress.3866956645.self": "false",
                            "ingress.3866956645.to_port": "443",
                            "name": "fundapps-app-sg-20181218182352001800000001",
                            "name_prefix": "fundapps-app-sg-",
                            "owner_id": "501394068089",
                            "revoke_rules_on_delete": "false",
                            "tags.%": "1",
                            "tags.Name": "fundapps-app-sg",
                            "vpc_id": "vpc-09be2cdfb70ac6f09"
                        },
                        "meta": {
                            "e2bfb730-ecaa-11e6-8f88-34363bc7c4c0": {
                                "create": 600000000000,
                                "delete": 600000000000
                            },
                            "schema_version": "1"
                        },
                        "tainted": false
                    },
                    "deposed": [],
                    "provider": ""
                },
                "aws_security_group_rule.egress_rules": {
                    "type": "aws_security_group_rule",
                    "depends_on": [
                        "local.this_sg_id"
                    ],
                    "primary": {
                        "id": "sgrule-1724758179",
                        "attributes": {
                            "cidr_blocks.#": "1",
                            "cidr_blocks.0": "0.0.0.0/0",
                            "description": "All protocols",
                            "from_port": "0",
                            "id": "sgrule-1724758179",
                            "ipv6_cidr_blocks.#": "1",
                            "ipv6_cidr_blocks.0": "::/0",
                            "prefix_list_ids.#": "0",
                            "protocol": "-1",
                            "security_group_id": "sg-00cc70e0ef5d71634",
                            "self": "false",
                            "to_port": "0",
                            "type": "egress"
                        },
                        "meta": {
                            "schema_version": "2"
                        },
                        "tainted": false
                    },
                    "deposed": [],
                    "provider": ""
                },
                "aws_security_group_rule.ingress_rules.0": {
                    "type": "aws_security_group_rule",
                    "depends_on": [
                        "local.this_sg_id"
                    ],
                    "primary": {
                        "id": "sgrule-3628116792",
                        "attributes": {
                            "cidr_blocks.#": "1",
                            "cidr_blocks.0": "0.0.0.0/0",
                            "description": "SSH",
                            "from_port": "22",
                            "id": "sgrule-3628116792",
                            "protocol": "tcp",
                            "security_group_id": "sg-00cc70e0ef5d71634",
                            "self": "false",
                            "to_port": "22",
                            "type": "ingress"
                        },
                        "meta": {
                            "schema_version": "2"
                        },
                        "tainted": false
                    },
                    "deposed": [],
                    "provider": ""
                },
                "aws_security_group_rule.ingress_rules.1": {
                    "type": "aws_security_group_rule",
                    "depends_on": [
                        "local.this_sg_id"
                    ],
                    "primary": {
                        "id": "sgrule-1858795149",
                        "attributes": {
                            "cidr_blocks.#": "1",
                            "cidr_blocks.0": "0.0.0.0/0",
                            "description": "HTTP",
                            "from_port": "80",
                            "id": "sgrule-1858795149",
                            "protocol": "tcp",
                            "security_group_id": "sg-00cc70e0ef5d71634",
                            "self": "false",
                            "to_port": "80",
                            "type": "ingress"
                        },
                        "meta": {
                            "schema_version": "2"
                        },
                        "tainted": false
                    },
                    "deposed": [],
                    "provider": ""
                },
                "aws_security_group_rule.ingress_rules.2": {
                    "type": "aws_security_group_rule",
                    "depends_on": [
                        "local.this_sg_id"
                    ],
                    "primary": {
                        "id": "sgrule-2094054679",
                        "attributes": {
                            "cidr_blocks.#": "1",
                            "cidr_blocks.0": "0.0.0.0/0",
                            "description": "HTTPS",
                            "from_port": "443",
                            "id": "sgrule-2094054679",
                            "protocol": "tcp",
                            "security_group_id": "sg-00cc70e0ef5d71634",
                            "self": "false",
                            "to_port": "443",
                            "type": "ingress"
                        },
                        "meta": {
                            "schema_version": "2"
                        },
                        "tainted": false
                    },
                    "deposed": [],
                    "provider": ""
                }
            },
            "depends_on": []
        },
        {
            "path": [
                "root",
                "elb"
            ],
            "outputs": {
                "this_elb_arn": {
                    "sensitive": false,
                    "type": "string",
                    "value": "arn:aws:elasticloadbalancing:eu-west-2:501394068089:loadbalancer/fundapps-elb"
                },
                "this_elb_dns_name": {
                    "sensitive": false,
                    "type": "string",
                    "value": "fundapps-elb-1536303543.eu-west-2.elb.amazonaws.com"
                },
                "this_elb_id": {
                    "sensitive": false,
                    "type": "string",
                    "value": "fundapps-elb"
                },
                "this_elb_instances": {
                    "sensitive": false,
                    "type": "list",
                    "value": [
                        "i-08b2b9124cc474646"
                    ]
                },
                "this_elb_name": {
                    "sensitive": false,
                    "type": "string",
                    "value": "fundapps-elb"
                },
                "this_elb_source_security_group_id": {
                    "sensitive": false,
                    "type": "string",
                    "value": "sg-00cc70e0ef5d71634"
                },
                "this_elb_zone_id": {
                    "sensitive": false,
                    "type": "string",
                    "value": "ZHURV8PSTC4K8"
                }
            },
            "resources": {},
            "depends_on": []
        },
        {
            "path": [
                "root",
                "iam"
            ],
            "outputs": {
                "arn": {
                    "sensitive": false,
                    "type": "string",
                    "value": "arn:aws:iam::501394068089:instance-profile/fundapps-app-test"
                }
            },
            "resources": {
                "aws_iam_instance_profile.iam_profile": {
                    "type": "aws_iam_instance_profile",
                    "depends_on": [
                        "aws_iam_role.role"
                    ],
                    "primary": {
                        "id": "fundapps-app-test",
                        "attributes": {
                            "arn": "arn:aws:iam::501394068089:instance-profile/fundapps-app-test",
                            "create_date": "2018-12-18T18:24:05Z",
                            "id": "fundapps-app-test",
                            "name": "fundapps-app-test",
                            "path": "/",
                            "role": "fundapps-role",
                            "roles.#": "1",
                            "roles.248494369": "fundapps-role",
                            "unique_id": "AIPAI465ZP4YJGWJBYWVW"
                        },
                        "meta": {},
                        "tainted": false
                    },
                    "deposed": [],
                    "provider": ""
                },
                "aws_iam_role.role": {
                    "type": "aws_iam_role",
                    "depends_on": [],
                    "primary": {
                        "id": "fundapps-role",
                        "attributes": {
                            "arn": "arn:aws:iam::501394068089:role/fundapps-role",
                            "assume_role_policy": "{\"Version\":\"2008-10-17\",\"Statement\":[{\"Sid\":\"\",\"Effect\":\"Allow\",\"Principal\":{\"AWS\":\"*\"},\"Action\":\"sts:AssumeRole\"}]}",
                            "create_date": "2018-12-18T18:23:55Z",
                            "description": "",
                            "force_detach_policies": "false",
                            "id": "fundapps-role",
                            "max_session_duration": "3600",
                            "name": "fundapps-role",
                            "path": "/",
                            "tags.%": "0",
                            "unique_id": "AROAJEQVQTNRWVC2NFA54"
                        },
                        "meta": {},
                        "tainted": false
                    },
                    "deposed": [],
                    "provider": ""
                },
                "aws_iam_role_policy.allow_s3_access": {
                    "type": "aws_iam_role_policy",
                    "depends_on": [
                        "aws_iam_role.role"
                    ],
                    "primary": {
                        "id": "fundapps-role:fundapps-allow_s3_access",
                        "attributes": {
                            "id": "fundapps-role:fundapps-allow_s3_access",
                            "name": "fundapps-allow_s3_access",
                            "policy": "{\n  \"Version\": \"2012-10-17\",\n  \"Statement\": [\n        {\n            \"Action\": [\n                \"s3:Get*\",\n                \"s3:List*\",\n                \"s3:Put*\"\n            ],\n            \"Effect\": \"Allow\",\n            \"Resource\": \"*\"\n        }\n    ]\n}\n",
                            "role": "fundapps-role"
                        },
                        "meta": {},
                        "tainted": false
                    },
                    "deposed": [],
                    "provider": ""
                }
            },
            "depends_on": []
        },
        {
            "path": [
                "root",
                "elb",
                "elb"
            ],
            "outputs": {
                "this_elb_arn": {
                    "sensitive": false,
                    "type": "string",
                    "value": "arn:aws:elasticloadbalancing:eu-west-2:501394068089:loadbalancer/fundapps-elb"
                },
                "this_elb_dns_name": {
                    "sensitive": false,
                    "type": "string",
                    "value": "fundapps-elb-1536303543.eu-west-2.elb.amazonaws.com"
                },
                "this_elb_id": {
                    "sensitive": false,
                    "type": "string",
                    "value": "fundapps-elb"
                },
                "this_elb_instances": {
                    "sensitive": false,
                    "type": "list",
                    "value": [
                        "i-08b2b9124cc474646"
                    ]
                },
                "this_elb_name": {
                    "sensitive": false,
                    "type": "string",
                    "value": "fundapps-elb"
                },
                "this_elb_source_security_group_id": {
                    "sensitive": false,
                    "type": "string",
                    "value": "sg-00cc70e0ef5d71634"
                },
                "this_elb_zone_id": {
                    "sensitive": false,
                    "type": "string",
                    "value": "ZHURV8PSTC4K8"
                }
            },
            "resources": {
                "aws_elb.this": {
                    "type": "aws_elb",
                    "depends_on": [],
                    "primary": {
                        "id": "fundapps-elb",
                        "attributes": {
                            "access_logs.#": "1",
                            "access_logs.0.bucket": "fundapps-elb-logs",
                            "access_logs.0.bucket_prefix": "",
                            "access_logs.0.enabled": "true",
                            "access_logs.0.interval": "60",
                            "arn": "arn:aws:elasticloadbalancing:eu-west-2:501394068089:loadbalancer/fundapps-elb",
                            "availability_zones.#": "2",
                            "availability_zones.1501760113": "eu-west-2b",
                            "availability_zones.3230292939": "eu-west-2a",
                            "connection_draining": "false",
                            "connection_draining_timeout": "300",
                            "cross_zone_load_balancing": "true",
                            "dns_name": "fundapps-elb-1536303543.eu-west-2.elb.amazonaws.com",
                            "health_check.#": "1",
                            "health_check.0.healthy_threshold": "2",
                            "health_check.0.interval": "30",
                            "health_check.0.target": "TCP:80",
                            "health_check.0.timeout": "5",
                            "health_check.0.unhealthy_threshold": "2",
                            "id": "fundapps-elb",
                            "idle_timeout": "60",
                            "instances.#": "1",
                            "instances.2284636197": "i-08b2b9124cc474646",
                            "internal": "false",
                            "listener.#": "1",
                            "listener.3057123346.instance_port": "80",
                            "listener.3057123346.instance_protocol": "http",
                            "listener.3057123346.lb_port": "80",
                            "listener.3057123346.lb_protocol": "http",
                            "listener.3057123346.ssl_certificate_id": "",
                            "name": "fundapps-elb",
                            "security_groups.#": "1",
                            "security_groups.1799797877": "sg-00cc70e0ef5d71634",
                            "source_security_group": "501394068089/fundapps-app-sg-20181218182352001800000001",
                            "source_security_group_id": "sg-00cc70e0ef5d71634",
                            "subnets.#": "2",
                            "subnets.2976326356": "subnet-001c45f3cc32553d2",
                            "subnets.3313307968": "subnet-01d12c71b93611d59",
                            "tags.%": "3",
                            "tags.Environment": "dev",
                            "tags.Name": "fundapps-elb",
                            "tags.Owner": "env",
                            "zone_id": "ZHURV8PSTC4K8"
                        },
                        "meta": {},
                        "tainted": false
                    },
                    "deposed": [],
                    "provider": ""
                }
            },
            "depends_on": []
        }
    ]
}
